
Microsoft Visual Studio Solution File, Format Version 12.00
# Visual Studio Version 17
VisualStudioVersion = 17.14.36518.9 d17.14
MinimumVisualStudioVersion = 10.0.40219.1
Project("{FAE04EC0-301F-11D3-BF4B-00C04F79EFBC}") = "Mi primer API", "Mi primer API\Mi primer API.csproj", "{149F78A5-A061-4715-A7C7-65C3C1DC4686}"
EndProject
Global
	GlobalSection(SolutionConfigurationPlatforms) = preSolution
		Debug|Any CPU = Debug|Any CPU
		Release|Any CPU = Release|Any CPU
	EndGlobalSection
	GlobalSection(ProjectConfigurationPlatforms) = postSolution
		{149F78A5-A061-4715-A7C7-65C3C1DC4686}.Debug|Any CPU.ActiveCfg = Debug|Any CPU
		{149F78A5-A061-4715-A7C7-65C3C1DC4686}.Debug|Any CPU.Build.0 = Debug|Any CPU
		{149F78A5-A061-4715-A7C7-65C3C1DC4686}.Release|Any CPU.ActiveCfg = Release|Any CPU
		{149F78A5-A061-4715-A7C7-65C3C1DC4686}.Release|Any CPU.Build.0 = Release|Any CPU
	EndGlobalSection
	GlobalSection(SolutionProperties) = preSolution
		HideSolutionNode = FALSE
	EndGlobalSection
	GlobalSection(ExtensibilityGlobals) = postSolution
		SolutionGuid = {BA212551-5EE4-40F6-B5D0-8D1AF80AFFFC}
	EndGlobalSection
EndGlobal
